{
  "version": 4,
  "terraform_version": "1.5.7",
  "serial": 7,
  "lineage": "f902aeee-d4ae-b740-fcaf-79318a7aed95",
  "outputs": {},
  "resources": [
    {
      "mode": "managed",
      "type": "contabo_instance",
      "name": "gateway",
      "provider": "provider[\"registry.terraform.io/contabo/contabo\"]",
      "instances": [
        {
          "schema_version": 0,
          "attributes": {
            "add_ons": [
              {
                "id": "1477",
                "quantity": 1
              },
              {
                "id": "1501",
                "quantity": 1
              },
              {
                "id": "2015",
                "quantity": 1
              }
            ],
            "additional_ips": [],
            "cancel_date": "",
            "cpu_cores": 4,
            "created_date": "Sunday, 28-Dec-25 18:33:03 UTC",
            "disk_mb": 153600,
            "display_name": "gateway",
            "error_message": "",
            "existing_instance_id": null,
            "id": "202993787",
            "image_id": "d64d5c6c-9dda-4e38-8174-0ee282474d8a",
            "ip_config": [
              {
                "v4": [
                  {
                    "gateway": "37.60.240.1",
                    "ip": "37.60.248.8",
                    "netmask_cidr": 20
                  }
                ],
                "v6": [
                  {
                    "gateway": "fe80::1",
                    "ip": "2a02:c207:2299:3787:0000:0000:0000:0001",
                    "netmask_cidr": 64
                  }
                ]
              }
            ],
            "last_updated": null,
            "license": null,
            "mac_address": "00:50:56:5f:42:59",
            "name": "vmi2993787",
            "os_type": "Linux",
            "period": null,
            "product_id": "V92",
            "product_type": "ssd",
            "ram_mb": 8192,
            "region": "EU",
            "root_password": null,
            "ssh_keys": [],
            "status": "running",
            "user_data": null,
            "v_host_id": 21689
          },
          "sensitive_attributes": [],
          "private": "bnVsbA=="
        }
      ]
    },
    {
      "mode": "managed",
      "type": "contabo_instance",
      "name": "private_server",
      "provider": "provider[\"registry.terraform.io/contabo/contabo\"]",
      "instances": [
        {
          "schema_version": 0,
          "attributes": {
            "add_ons": [
              {
                "id": "1477",
                "quantity": 1
              },
              {
                "id": "1501",
                "quantity": 1
              },
              {
                "id": "2015",
                "quantity": 1
              }
            ],
            "additional_ips": [],
            "cancel_date": "",
            "cpu_cores": 4,
            "created_date": "Wednesday, 18-Mar-26 11:26:12 UTC",
            "disk_mb": 153600,
            "display_name": "private_server",
            "error_message": "",
            "existing_instance_id": null,
            "id": "203162409",
            "image_id": "d64d5c6c-9dda-4e38-8174-0ee282474d8a",
            "ip_config": [
              {
                "v4": [
                  {
                    "gateway": "91.230.110.1",
                    "ip": "91.230.110.18",
                    "netmask_cidr": 24
                  }
                ],
                "v6": [
                  {
                    "gateway": "fe80::1",
                    "ip": "2a02:c207:2316:2409:0000:0000:0000:0001",
                    "netmask_cidr": 64
                  }
                ]
              }
            ],
            "last_updated": null,
            "license": null,
            "mac_address": "00:50:56:62:4c:7b",
            "name": "vmi3162409",
            "os_type": "Linux",
            "period": null,
            "product_id": "V92",
            "product_type": "ssd",
            "ram_mb": 8192,
            "region": "EU",
            "root_password": null,
            "ssh_keys": [],
            "status": "running",
            "user_data": null,
            "v_host_id": 17902
          },
          "sensitive_attributes": [],
          "private": "bnVsbA=="
        }
      ]
    },
    {
      "mode": "managed",
      "type": "contabo_private_network",
      "name": "lab_net",
      "provider": "provider[\"registry.terraform.io/contabo/contabo\"]",
      "instances": [
        {
          "schema_version": 0,
          "attributes": {
            "available_ips": 1020,
            "cidr": "10.0.0.0/22",
            "created_date": "Tuesday, 17-Mar-26 14:02:07 UTC",
            "data_center": "European Union 2",
            "description": "private network for lab net",
            "id": "58740",
            "instance_ids": [
              202993787,
              203162409
            ],
            "instances": [
              {
                "display_name": "gateway",
                "error_message": "",
                "instance_id": 202993787,
                "name": "vmi2993787",
                "private_ip_config": [
                  {
                    "v4": [
                      {
                        "gateway": "10.0.0.0",
                        "ip": "10.0.0.1",
                        "netmask_cidr": 22
                      }
                    ]
                  }
                ],
                "status": "ok"
              },
              {
                "display_name": "private_server",
                "error_message": "",
                "instance_id": 203162409,
                "name": "vmi3162409",
                "private_ip_config": [
                  {
                    "v4": [
                      {
                        "gateway": "10.0.0.0",
                        "ip": "10.0.0.2",
                        "netmask_cidr": 22
                      }
                    ]
                  }
                ],
                "status": "ok"
              }
            ],
            "name": "lab-net",
            "region": "EU",
            "region_name": null,
            "updated_at": "Friday, 20-Mar-26 19:47:44 WAT"
          },
          "sensitive_attributes": [],
          "private": "bnVsbA=="
        }
      ]
    }
  ],
  "check_results": null
}
